
Microsoft Visual Studio Solution File, Format Version 12.00
# Visual Studio Version 17
VisualStudioVersion = 17.11.35327.3
MinimumVisualStudioVersion = 10.0.40219.1
Project("{FAE04EC0-301F-11D3-BF4B-00C04F79EFBC}") = "HW 16.1. Copying files", "HW 16.1. Copying files\HW 16.1. Copying files.csproj", "{DE8E63E4-ADD9-4B4D-BF4A-0F85AD187CC0}"
EndProject
Global
	GlobalSection(SolutionConfigurationPlatforms) = preSolution
		Debug|Any CPU = Debug|Any CPU
		Release|Any CPU = Release|Any CPU
	EndGlobalSection
	GlobalSection(ProjectConfigurationPlatforms) = postSolution
		{DE8E63E4-ADD9-4B4D-BF4A-0F85AD187CC0}.Debug|Any CPU.ActiveCfg = Debug|Any CPU
		{DE8E63E4-ADD9-4B4D-BF4A-0F85AD187CC0}.Debug|Any CPU.Build.0 = Debug|Any CPU
		{DE8E63E4-ADD9-4B4D-BF4A-0F85AD187CC0}.Release|Any CPU.ActiveCfg = Release|Any CPU
		{DE8E63E4-ADD9-4B4D-BF4A-0F85AD187CC0}.Release|Any CPU.Build.0 = Release|Any CPU
	EndGlobalSection
	GlobalSection(SolutionProperties) = preSolution
		HideSolutionNode = FALSE
	EndGlobalSection
	GlobalSection(ExtensibilityGlobals) = postSolution
		SolutionGuid = {032919C5-34CD-4605-91DA-C2947B944F2E}
	EndGlobalSection
EndGlobal
